
Microsoft Visual Studio Solution File, Format Version 12.00
# Visual Studio Version 17
VisualStudioVersion = 17.0.31919.166
MinimumVisualStudioVersion = 10.0.40219.1
Project("{9A19103F-16F7-4668-BE54-9A1E7A4F7556}") = "PixUI", "PixUI\PixUI.csproj", "{9644950E-175C-4EFD-9307-CBF97764561D}"
EndProject
Project("{9A19103F-16F7-4668-BE54-9A1E7A4F7556}") = "PixUI.UnitTests", "PixUI.UnitTests\PixUI.UnitTests.csproj", "{62959C4B-FF54-4BBB-9A2A-0068CDBAE35A}"
EndProject
Project("{9A19103F-16F7-4668-BE54-9A1E7A4F7556}") = "PixUI.CS2TS", "PixUI.CS2TS\PixUI.CS2TS.csproj", "{3514B9AF-9CE2-490C-9297-5D0BCDC3A341}"
EndProject
Project("{9A19103F-16F7-4668-BE54-9A1E7A4F7556}") = "PixUI.Tools", "PixUI.Tools\PixUI.Tools.csproj", "{E5EDAE7A-A3FE-49CD-9D77-96478BDE1B67}"
EndProject
Project("{9A19103F-16F7-4668-BE54-9A1E7A4F7556}") = "PixUI.CodeEditor", "PixUI.CodeEditor\PixUI.CodeEditor.csproj", "{24E5A347-4558-4A65-B88E-F8E42BF27EA8}"
EndProject
Project("{9A19103F-16F7-4668-BE54-9A1E7A4F7556}") = "PixUI.Platform.Mac", "PixUI.Platform.Mac\PixUI.Platform.Mac.csproj", "{DDFDDC57-2609-4D6F-9A87-ADFB72894857}"
EndProject
Project("{9A19103F-16F7-4668-BE54-9A1E7A4F7556}") = "PixUI.Demo.Mac", "PixUI.Demo.Mac\PixUI.Demo.Mac.csproj", "{55BD5BEF-80E1-46A8-844C-71C6FDB677B0}"
EndProject
Project("{9A19103F-16F7-4668-BE54-9A1E7A4F7556}") = "PixUI.Platform.Win", "PixUI.Platform.Win\PixUI.Platform.Win.csproj", "{D79F2A20-5E63-4184-AF6A-7D809A3A0F0E}"
EndProject
Project("{9A19103F-16F7-4668-BE54-9A1E7A4F7556}") = "PixUI.Demo.Win", "PixUI.Demo.Win\PixUI.Demo.Win.csproj", "{40B9FD31-5D6D-4CF4-8207-5B01CF037C69}"
EndProject
Project("{9A19103F-16F7-4668-BE54-9A1E7A4F7556}") = "PixUI.Demo", "PixUI.Demo\PixUI.Demo.csproj", "{59B0D778-B916-4754-8783-F1ABC5DF73BB}"
EndProject
Project("{FAE04EC0-301F-11D3-BF4B-00C04F79EFBC}") = "PixUI.TSAttributes", "PixUI.TSAttributes\PixUI.TSAttributes.csproj", "{B6A4F865-3783-44D1-9282-31680BB17802}"
EndProject
Project("{FAE04EC0-301F-11D3-BF4B-00C04F79EFBC}") = "LiveChartsCore", "..\ext\LiveCharts2\src\LiveChartsCore\LiveChartsCore.csproj", "{4095DFB9-62DC-4CE5-822C-DDE5BECFC8AF}"
EndProject
Project("{FAE04EC0-301F-11D3-BF4B-00C04F79EFBC}") = "PixUI.LiveCharts", "PixUI.LiveCharts\PixUI.LiveCharts.csproj", "{56209427-CE24-4B40-986F-190B0B6F5CB4}"
EndProject
Project("{FAE04EC0-301F-11D3-BF4B-00C04F79EFBC}") = "PixUI.Platform.Blazor", "PixUI.Platform.Blazor\PixUI.Platform.Blazor.csproj", "{18176903-5BF4-4186-8467-A8895608014C}"
EndProject
Project("{2150E333-8FDC-42A3-9474-1A3956D46DE8}") = "Platform", "Platform", "{D2C4D843-BC5D-4F4A-B773-E44E14323ABA}"
EndProject
Project("{2150E333-8FDC-42A3-9474-1A3956D46DE8}") = "LiveCharts", "LiveCharts", "{6CE178B0-A950-4B75-A050-F00BF8FC3663}"
EndProject
Project("{FAE04EC0-301F-11D3-BF4B-00C04F79EFBC}") = "PixUI.Widgets", "PixUI.Widgets\PixUI.Widgets.csproj", "{1346E2A0-B1AF-4005-B419-F5A7F1A0A0AA}"
EndProject
Project("{2150E333-8FDC-42A3-9474-1A3956D46DE8}") = "Demo", "Demo", "{7745996F-F372-4178-A2EE-AE8953FD06CB}"
EndProject
Project("{FAE04EC0-301F-11D3-BF4B-00C04F79EFBC}") = "PixUI.MaterialIcons", "PixUI.MaterialIcons\PixUI.MaterialIcons.csproj", "{03034187-27B6-4D73-A3E4-DA5BFAF87929}"
EndProject
Project("{FAE04EC0-301F-11D3-BF4B-00C04F79EFBC}") = "PixUI.MaterialIconsOutlined", "PixUI.MaterialIconsOutlined\PixUI.MaterialIconsOutlined.csproj", "{3CD2D756-87CD-4AEA-B47D-22448D166088}"
EndProject
Project("{FAE04EC0-301F-11D3-BF4B-00C04F79EFBC}") = "PixUI.Dynamic", "PixUI.Dynamic\PixUI.Dynamic.csproj", "{12050961-0E77-4622-8D97-52129A1C973B}"
EndProject
Project("{FAE04EC0-301F-11D3-BF4B-00C04F79EFBC}") = "PixUI.Dynamic.Design", "PixUI.Dynamic.Design\PixUI.Dynamic.Design.csproj", "{2832F09B-893C-4F29-89EB-45DF58729E75}"
EndProject
Project("{FAE04EC0-301F-11D3-BF4B-00C04F79EFBC}") = "PixUI.Misc", "PixUI.Misc\PixUI.Misc.csproj", "{98655897-23E7-4434-ABCE-AF90B37D7C8B}"
EndProject
Project("{FAE04EC0-301F-11D3-BF4B-00C04F79EFBC}") = "PixUI.CodeEditor.Text", "PixUI.CodeEditor.Text\PixUI.CodeEditor.Text.csproj", "{55255785-0E09-4738-972E-0112A67086BE}"
EndProject
Project("{FAE04EC0-301F-11D3-BF4B-00C04F79EFBC}") = "PixUI.CodeEditor.TreeSitter", "PixUI.CodeEditor.TreeSitter\PixUI.CodeEditor.TreeSitter.csproj", "{6A814547-A95A-40E7-A6A9-860D43B0120F}"
EndProject
Project("{FAE04EC0-301F-11D3-BF4B-00C04F79EFBC}") = "PixUI.Platform.Wasm", "PixUI.Platform.Wasm\PixUI.Platform.Wasm.csproj", "{E456BD33-3931-4F66-B845-83396D84C6CA}"
EndProject
Project("{FAE04EC0-301F-11D3-BF4B-00C04F79EFBC}") = "PixUI.Platform.Wxmp", "PixUI.Platform.Wxmp\PixUI.Platform.Wxmp.csproj", "{F68E56B9-7481-4CB2-A908-85D4A7F27AD4}"
EndProject
Project("{FAE04EC0-301F-11D3-BF4B-00C04F79EFBC}") = "PixUI.Demo.Wasm", "PixUI.Demo.Wasm\PixUI.Demo.Wasm.csproj", "{617F895C-C0A0-4E24-9ED1-2151793C528A}"
EndProject
Global
	GlobalSection(SolutionConfigurationPlatforms) = preSolution
		Debug|Any CPU = Debug|Any CPU
		Release|Any CPU = Release|Any CPU
	EndGlobalSection
	GlobalSection(ProjectConfigurationPlatforms) = postSolution
		{9644950E-175C-4EFD-9307-CBF97764561D}.Debug|Any CPU.ActiveCfg = Debug|Any CPU
		{9644950E-175C-4EFD-9307-CBF97764561D}.Debug|Any CPU.Build.0 = Debug|Any CPU
		{9644950E-175C-4EFD-9307-CBF97764561D}.Release|Any CPU.ActiveCfg = Release|Any CPU
		{9644950E-175C-4EFD-9307-CBF97764561D}.Release|Any CPU.Build.0 = Release|Any CPU
		{62959C4B-FF54-4BBB-9A2A-0068CDBAE35A}.Debug|Any CPU.ActiveCfg = Debug|Any CPU
		{62959C4B-FF54-4BBB-9A2A-0068CDBAE35A}.Debug|Any CPU.Build.0 = Debug|Any CPU
		{62959C4B-FF54-4BBB-9A2A-0068CDBAE35A}.Release|Any CPU.ActiveCfg = Release|Any CPU
		{62959C4B-FF54-4BBB-9A2A-0068CDBAE35A}.Release|Any CPU.Build.0 = Release|Any CPU
		{3514B9AF-9CE2-490C-9297-5D0BCDC3A341}.Debug|Any CPU.ActiveCfg = Debug|Any CPU
		{3514B9AF-9CE2-490C-9297-5D0BCDC3A341}.Debug|Any CPU.Build.0 = Debug|Any CPU
		{3514B9AF-9CE2-490C-9297-5D0BCDC3A341}.Release|Any CPU.ActiveCfg = Release|Any CPU
		{3514B9AF-9CE2-490C-9297-5D0BCDC3A341}.Release|Any CPU.Build.0 = Release|Any CPU
		{E5EDAE7A-A3FE-49CD-9D77-96478BDE1B67}.Debug|Any CPU.ActiveCfg = Debug|Any CPU
		{E5EDAE7A-A3FE-49CD-9D77-96478BDE1B67}.Debug|Any CPU.Build.0 = Debug|Any CPU
		{E5EDAE7A-A3FE-49CD-9D77-96478BDE1B67}.Release|Any CPU.ActiveCfg = Release|Any CPU
		{E5EDAE7A-A3FE-49CD-9D77-96478BDE1B67}.Release|Any CPU.Build.0 = Release|Any CPU
		{24E5A347-4558-4A65-B88E-F8E42BF27EA8}.Debug|Any CPU.ActiveCfg = Debug|Any CPU
		{24E5A347-4558-4A65-B88E-F8E42BF27EA8}.Debug|Any CPU.Build.0 = Debug|Any CPU
		{24E5A347-4558-4A65-B88E-F8E42BF27EA8}.Release|Any CPU.ActiveCfg = Release|Any CPU
		{24E5A347-4558-4A65-B88E-F8E42BF27EA8}.Release|Any CPU.Build.0 = Release|Any CPU
		{DDFDDC57-2609-4D6F-9A87-ADFB72894857}.Debug|Any CPU.ActiveCfg = Debug|Any CPU
		{DDFDDC57-2609-4D6F-9A87-ADFB72894857}.Debug|Any CPU.Build.0 = Debug|Any CPU
		{DDFDDC57-2609-4D6F-9A87-ADFB72894857}.Release|Any CPU.ActiveCfg = Release|Any CPU
		{DDFDDC57-2609-4D6F-9A87-ADFB72894857}.Release|Any CPU.Build.0 = Release|Any CPU
		{55BD5BEF-80E1-46A8-844C-71C6FDB677B0}.Debug|Any CPU.ActiveCfg = Debug|Any CPU
		{55BD5BEF-80E1-46A8-844C-71C6FDB677B0}.Debug|Any CPU.Build.0 = Debug|Any CPU
		{55BD5BEF-80E1-46A8-844C-71C6FDB677B0}.Release|Any CPU.ActiveCfg = Release|Any CPU
		{55BD5BEF-80E1-46A8-844C-71C6FDB677B0}.Release|Any CPU.Build.0 = Release|Any CPU
		{D79F2A20-5E63-4184-AF6A-7D809A3A0F0E}.Debug|Any CPU.ActiveCfg = Debug|Any CPU
		{D79F2A20-5E63-4184-AF6A-7D809A3A0F0E}.Debug|Any CPU.Build.0 = Debug|Any CPU
		{D79F2A20-5E63-4184-AF6A-7D809A3A0F0E}.Release|Any CPU.ActiveCfg = Release|Any CPU
		{D79F2A20-5E63-4184-AF6A-7D809A3A0F0E}.Release|Any CPU.Build.0 = Release|Any CPU
		{40B9FD31-5D6D-4CF4-8207-5B01CF037C69}.Debug|Any CPU.ActiveCfg = Debug|Any CPU
		{40B9FD31-5D6D-4CF4-8207-5B01CF037C69}.Debug|Any CPU.Build.0 = Debug|Any CPU
		{40B9FD31-5D6D-4CF4-8207-5B01CF037C69}.Release|Any CPU.ActiveCfg = Release|Any CPU
		{40B9FD31-5D6D-4CF4-8207-5B01CF037C69}.Release|Any CPU.Build.0 = Release|Any CPU
		{59B0D778-B916-4754-8783-F1ABC5DF73BB}.Debug|Any CPU.ActiveCfg = Debug|Any CPU
		{59B0D778-B916-4754-8783-F1ABC5DF73BB}.Debug|Any CPU.Build.0 = Debug|Any CPU
		{59B0D778-B916-4754-8783-F1ABC5DF73BB}.Release|Any CPU.ActiveCfg = Release|Any CPU
		{59B0D778-B916-4754-8783-F1ABC5DF73BB}.Release|Any CPU.Build.0 = Release|Any CPU
		{B6A4F865-3783-44D1-9282-31680BB17802}.Debug|Any CPU.ActiveCfg = Debug|Any CPU
		{B6A4F865-3783-44D1-9282-31680BB17802}.Debug|Any CPU.Build.0 = Debug|Any CPU
		{B6A4F865-3783-44D1-9282-31680BB17802}.Release|Any CPU.ActiveCfg = Release|Any CPU
		{B6A4F865-3783-44D1-9282-31680BB17802}.Release|Any CPU.Build.0 = Release|Any CPU
		{4095DFB9-62DC-4CE5-822C-DDE5BECFC8AF}.Debug|Any CPU.ActiveCfg = Debug|Any CPU
		{4095DFB9-62DC-4CE5-822C-DDE5BECFC8AF}.Debug|Any CPU.Build.0 = Debug|Any CPU
		{4095DFB9-62DC-4CE5-822C-DDE5BECFC8AF}.Release|Any CPU.ActiveCfg = Release|Any CPU
		{4095DFB9-62DC-4CE5-822C-DDE5BECFC8AF}.Release|Any CPU.Build.0 = Release|Any CPU
		{56209427-CE24-4B40-986F-190B0B6F5CB4}.Debug|Any CPU.ActiveCfg = Debug|Any CPU
		{56209427-CE24-4B40-986F-190B0B6F5CB4}.Debug|Any CPU.Build.0 = Debug|Any CPU
		{56209427-CE24-4B40-986F-190B0B6F5CB4}.Release|Any CPU.ActiveCfg = Release|Any CPU
		{56209427-CE24-4B40-986F-190B0B6F5CB4}.Release|Any CPU.Build.0 = Release|Any CPU
		{18176903-5BF4-4186-8467-A8895608014C}.Debug|Any CPU.ActiveCfg = Debug|Any CPU
		{18176903-5BF4-4186-8467-A8895608014C}.Debug|Any CPU.Build.0 = Debug|Any CPU
		{18176903-5BF4-4186-8467-A8895608014C}.Release|Any CPU.ActiveCfg = Release|Any CPU
		{18176903-5BF4-4186-8467-A8895608014C}.Release|Any CPU.Build.0 = Release|Any CPU
		{1346E2A0-B1AF-4005-B419-F5A7F1A0A0AA}.Debug|Any CPU.ActiveCfg = Debug|Any CPU
		{1346E2A0-B1AF-4005-B419-F5A7F1A0A0AA}.Debug|Any CPU.Build.0 = Debug|Any CPU
		{1346E2A0-B1AF-4005-B419-F5A7F1A0A0AA}.Release|Any CPU.ActiveCfg = Release|Any CPU
		{1346E2A0-B1AF-4005-B419-F5A7F1A0A0AA}.Release|Any CPU.Build.0 = Release|Any CPU
		{03034187-27B6-4D73-A3E4-DA5BFAF87929}.Debug|Any CPU.ActiveCfg = Debug|Any CPU
		{03034187-27B6-4D73-A3E4-DA5BFAF87929}.Debug|Any CPU.Build.0 = Debug|Any CPU
		{03034187-27B6-4D73-A3E4-DA5BFAF87929}.Release|Any CPU.ActiveCfg = Release|Any CPU
		{03034187-27B6-4D73-A3E4-DA5BFAF87929}.Release|Any CPU.Build.0 = Release|Any CPU
		{3CD2D756-87CD-4AEA-B47D-22448D166088}.Debug|Any CPU.ActiveCfg = Debug|Any CPU
		{3CD2D756-87CD-4AEA-B47D-22448D166088}.Debug|Any CPU.Build.0 = Debug|Any CPU
		{3CD2D756-87CD-4AEA-B47D-22448D166088}.Release|Any CPU.ActiveCfg = Release|Any CPU
		{3CD2D756-87CD-4AEA-B47D-22448D166088}.Release|Any CPU.Build.0 = Release|Any CPU
		{12050961-0E77-4622-8D97-52129A1C973B}.Debug|Any CPU.ActiveCfg = Debug|Any CPU
		{12050961-0E77-4622-8D97-52129A1C973B}.Debug|Any CPU.Build.0 = Debug|Any CPU
		{12050961-0E77-4622-8D97-52129A1C973B}.Release|Any CPU.ActiveCfg = Release|Any CPU
		{12050961-0E77-4622-8D97-52129A1C973B}.Release|Any CPU.Build.0 = Release|Any CPU
		{2832F09B-893C-4F29-89EB-45DF58729E75}.Debug|Any CPU.ActiveCfg = Debug|Any CPU
		{2832F09B-893C-4F29-89EB-45DF58729E75}.Debug|Any CPU.Build.0 = Debug|Any CPU
		{2832F09B-893C-4F29-89EB-45DF58729E75}.Release|Any CPU.ActiveCfg = Release|Any CPU
		{2832F09B-893C-4F29-89EB-45DF58729E75}.Release|Any CPU.Build.0 = Release|Any CPU
		{98655897-23E7-4434-ABCE-AF90B37D7C8B}.Debug|Any CPU.ActiveCfg = Debug|Any CPU
		{98655897-23E7-4434-ABCE-AF90B37D7C8B}.Debug|Any CPU.Build.0 = Debug|Any CPU
		{98655897-23E7-4434-ABCE-AF90B37D7C8B}.Release|Any CPU.ActiveCfg = Release|Any CPU
		{98655897-23E7-4434-ABCE-AF90B37D7C8B}.Release|Any CPU.Build.0 = Release|Any CPU
		{55255785-0E09-4738-972E-0112A67086BE}.Debug|Any CPU.ActiveCfg = Debug|Any CPU
		{55255785-0E09-4738-972E-0112A67086BE}.Debug|Any CPU.Build.0 = Debug|Any CPU
		{55255785-0E09-4738-972E-0112A67086BE}.Release|Any CPU.ActiveCfg = Release|Any CPU
		{55255785-0E09-4738-972E-0112A67086BE}.Release|Any CPU.Build.0 = Release|Any CPU
		{6A814547-A95A-40E7-A6A9-860D43B0120F}.Debug|Any CPU.ActiveCfg = Debug|Any CPU
		{6A814547-A95A-40E7-A6A9-860D43B0120F}.Debug|Any CPU.Build.0 = Debug|Any CPU
		{6A814547-A95A-40E7-A6A9-860D43B0120F}.Release|Any CPU.ActiveCfg = Release|Any CPU
		{6A814547-A95A-40E7-A6A9-860D43B0120F}.Release|Any CPU.Build.0 = Release|Any CPU
		{E456BD33-3931-4F66-B845-83396D84C6CA}.Debug|Any CPU.ActiveCfg = Debug|Any CPU
		{E456BD33-3931-4F66-B845-83396D84C6CA}.Debug|Any CPU.Build.0 = Debug|Any CPU
		{E456BD33-3931-4F66-B845-83396D84C6CA}.Release|Any CPU.ActiveCfg = Release|Any CPU
		{E456BD33-3931-4F66-B845-83396D84C6CA}.Release|Any CPU.Build.0 = Release|Any CPU
		{F68E56B9-7481-4CB2-A908-85D4A7F27AD4}.Debug|Any CPU.ActiveCfg = Debug|Any CPU
		{F68E56B9-7481-4CB2-A908-85D4A7F27AD4}.Debug|Any CPU.Build.0 = Debug|Any CPU
		{F68E56B9-7481-4CB2-A908-85D4A7F27AD4}.Release|Any CPU.ActiveCfg = Release|Any CPU
		{F68E56B9-7481-4CB2-A908-85D4A7F27AD4}.Release|Any CPU.Build.0 = Release|Any CPU
		{617F895C-C0A0-4E24-9ED1-2151793C528A}.Debug|Any CPU.ActiveCfg = Debug|Any CPU
		{617F895C-C0A0-4E24-9ED1-2151793C528A}.Debug|Any CPU.Build.0 = Debug|Any CPU
		{617F895C-C0A0-4E24-9ED1-2151793C528A}.Release|Any CPU.ActiveCfg = Release|Any CPU
		{617F895C-C0A0-4E24-9ED1-2151793C528A}.Release|Any CPU.Build.0 = Release|Any CPU
	EndGlobalSection
	GlobalSection(SolutionProperties) = preSolution
		HideSolutionNode = FALSE
	EndGlobalSection
	GlobalSection(ExtensibilityGlobals) = postSolution
		SolutionGuid = {CC639009-5F80-440A-A7F1-4A3C36AA556D}
	EndGlobalSection
	GlobalSection(NestedProjects) = preSolution
		{18176903-5BF4-4186-8467-A8895608014C} = {D2C4D843-BC5D-4F4A-B773-E44E14323ABA}
		{D79F2A20-5E63-4184-AF6A-7D809A3A0F0E} = {D2C4D843-BC5D-4F4A-B773-E44E14323ABA}
		{DDFDDC57-2609-4D6F-9A87-ADFB72894857} = {D2C4D843-BC5D-4F4A-B773-E44E14323ABA}
		{56209427-CE24-4B40-986F-190B0B6F5CB4} = {6CE178B0-A950-4B75-A050-F00BF8FC3663}
		{4095DFB9-62DC-4CE5-822C-DDE5BECFC8AF} = {6CE178B0-A950-4B75-A050-F00BF8FC3663}
		{59B0D778-B916-4754-8783-F1ABC5DF73BB} = {7745996F-F372-4178-A2EE-AE8953FD06CB}
		{55BD5BEF-80E1-46A8-844C-71C6FDB677B0} = {7745996F-F372-4178-A2EE-AE8953FD06CB}
		{40B9FD31-5D6D-4CF4-8207-5B01CF037C69} = {7745996F-F372-4178-A2EE-AE8953FD06CB}
		{3514B9AF-9CE2-490C-9297-5D0BCDC3A341} = {D2C4D843-BC5D-4F4A-B773-E44E14323ABA}
		{B6A4F865-3783-44D1-9282-31680BB17802} = {D2C4D843-BC5D-4F4A-B773-E44E14323ABA}
		{E456BD33-3931-4F66-B845-83396D84C6CA} = {D2C4D843-BC5D-4F4A-B773-E44E14323ABA}
		{F68E56B9-7481-4CB2-A908-85D4A7F27AD4} = {D2C4D843-BC5D-4F4A-B773-E44E14323ABA}
		{617F895C-C0A0-4E24-9ED1-2151793C528A} = {7745996F-F372-4178-A2EE-AE8953FD06CB}
	EndGlobalSection
EndGlobal
