
Microsoft Visual Studio Solution File, Format Version 12.00
# Visual Studio Version 17
VisualStudioVersion = 17.0.31919.166
MinimumVisualStudioVersion = 10.0.40219.1
Project("{9A19103F-16F7-4668-BE54-9A1E7A4F7556}") = "PixUI", "PixUI\PixUI.csproj", "{9644950E-175C-4EFD-9307-CBF97764561D}"
EndProject
Project("{9A19103F-16F7-4668-BE54-9A1E7A4F7556}") = "PixUI.UnitTests", "PixUI.UnitTests\PixUI.UnitTests.csproj", "{62959C4B-FF54-4BBB-9A2A-0068CDBAE35A}"
EndProject
Project("{9A19103F-16F7-4668-BE54-9A1E7A4F7556}") = "PixUI.CS2TS", "PixUI.CS2TS\PixUI.CS2TS.csproj", "{3514B9AF-9CE2-490C-9297-5D0BCDC3A341}"
EndProject
Project("{9A19103F-16F7-4668-BE54-9A1E7A4F7556}") = "PixUI.Tools", "PixUI.Tools\PixUI.Tools.csproj", "{E5EDAE7A-A3FE-49CD-9D77-96478BDE1B67}"
EndProject
Project("{9A19103F-16F7-4668-BE54-9A1E7A4F7556}") = "PixUI.CodeEditor", "PixUI.CodeEditor\PixUI.CodeEditor.csproj", "{24E5A347-4558-4A65-B88E-F8E42BF27EA8}"
EndProject
Project("{9A19103F-16F7-4668-BE54-9A1E7A4F7556}") = "PixUI.Platform.Mac", "PixUI.Platform.Mac\PixUI.Platform.Mac.csproj", "{DDFDDC57-2609-4D6F-9A87-ADFB72894857}"
EndProject
Project("{9A19103F-16F7-4668-BE54-9A1E7A4F7556}") = "PixUI.Demo.Mac", "PixUI.Demo.Mac\PixUI.Demo.Mac.csproj", "{55BD5BEF-80E1-46A8-844C-71C6FDB677B0}"
EndProject
Project("{9A19103F-16F7-4668-BE54-9A1E7A4F7556}") = "PixUI.Platform.Win", "PixUI.Platform.Win\PixUI.Platform.Win.csproj", "{D79F2A20-5E63-4184-AF6A-7D809A3A0F0E}"
EndProject
Project("{9A19103F-16F7-4668-BE54-9A1E7A4F7556}") = "PixUI.Demo.Win", "PixUI.Demo.Win\PixUI.Demo.Win.csproj", "{40B9FD31-5D6D-4CF4-8207-5B01CF037C69}"
EndProject
Project("{9A19103F-16F7-4668-BE54-9A1E7A4F7556}") = "PixUI.Demo", "PixUI.Demo\PixUI.Demo.csproj", "{59B0D778-B916-4754-8783-F1ABC5DF73BB}"
EndProject
Project("{FAE04EC0-301F-11D3-BF4B-00C04F79EFBC}") = "PixUI.TSAttributes", "PixUI.TSAttributes\PixUI.TSAttributes.csproj", "{B6A4F865-3783-44D1-9282-31680BB17802}"
EndProject
Project("{FAE04EC0-301F-11D3-BF4B-00C04F79EFBC}") = "LiveChartsCore", "..\ext\LiveCharts2\src\LiveChartsCore\LiveChartsCore.csproj", "{4095DFB9-62DC-4CE5-822C-DDE5BECFC8AF}"
EndProject
Project("{FAE04EC0-301F-11D3-BF4B-00C04F79EFBC}") = "PixUI.LiveCharts", "PixUI.LiveCharts\PixUI.LiveCharts.csproj", "{56209427-CE24-4B40-986F-190B0B6F5CB4}"
EndProject
Project("{FAE04EC0-301F-11D3-BF4B-00C04F79EFBC}") = "PixUI.Platform.Blazor", "PixUI.Platform.Blazor\PixUI.Platform.Blazor.csproj", "{18176903-5BF4-4186-8467-A8895608014C}"
EndProject
Global
	GlobalSection(SolutionConfigurationPlatforms) = preSolution
		Debug|Any CPU = Debug|Any CPU
		Debug|ARM64 = Debug|ARM64
		DebugWeb|Any CPU = DebugWeb|Any CPU
		Release|Any CPU = Release|Any CPU
		Release|ARM64 = Release|ARM64
	EndGlobalSection
	GlobalSection(ProjectConfigurationPlatforms) = postSolution
		{9644950E-175C-4EFD-9307-CBF97764561D}.Debug|Any CPU.ActiveCfg = Debug|Any CPU
		{9644950E-175C-4EFD-9307-CBF97764561D}.Debug|Any CPU.Build.0 = Debug|Any CPU
		{9644950E-175C-4EFD-9307-CBF97764561D}.Debug|ARM64.ActiveCfg = Debug|Any CPU
		{9644950E-175C-4EFD-9307-CBF97764561D}.Debug|ARM64.Build.0 = Debug|Any CPU
		{9644950E-175C-4EFD-9307-CBF97764561D}.DebugWeb|Any CPU.ActiveCfg = DebugWeb|Any CPU
		{9644950E-175C-4EFD-9307-CBF97764561D}.DebugWeb|Any CPU.Build.0 = DebugWeb|Any CPU
		{9644950E-175C-4EFD-9307-CBF97764561D}.Release|Any CPU.ActiveCfg = Release|Any CPU
		{9644950E-175C-4EFD-9307-CBF97764561D}.Release|Any CPU.Build.0 = Release|Any CPU
		{9644950E-175C-4EFD-9307-CBF97764561D}.Release|ARM64.ActiveCfg = Release|Any CPU
		{9644950E-175C-4EFD-9307-CBF97764561D}.Release|ARM64.Build.0 = Release|Any CPU
		{62959C4B-FF54-4BBB-9A2A-0068CDBAE35A}.Debug|Any CPU.ActiveCfg = Debug|Any CPU
		{62959C4B-FF54-4BBB-9A2A-0068CDBAE35A}.Debug|Any CPU.Build.0 = Debug|Any CPU
		{62959C4B-FF54-4BBB-9A2A-0068CDBAE35A}.Debug|ARM64.ActiveCfg = Debug|Any CPU
		{62959C4B-FF54-4BBB-9A2A-0068CDBAE35A}.Debug|ARM64.Build.0 = Debug|Any CPU
		{62959C4B-FF54-4BBB-9A2A-0068CDBAE35A}.DebugWeb|Any CPU.ActiveCfg = DebugWeb|Any CPU
		{62959C4B-FF54-4BBB-9A2A-0068CDBAE35A}.DebugWeb|Any CPU.Build.0 = DebugWeb|Any CPU
		{62959C4B-FF54-4BBB-9A2A-0068CDBAE35A}.Release|Any CPU.ActiveCfg = Release|Any CPU
		{62959C4B-FF54-4BBB-9A2A-0068CDBAE35A}.Release|Any CPU.Build.0 = Release|Any CPU
		{62959C4B-FF54-4BBB-9A2A-0068CDBAE35A}.Release|ARM64.ActiveCfg = Release|Any CPU
		{62959C4B-FF54-4BBB-9A2A-0068CDBAE35A}.Release|ARM64.Build.0 = Release|Any CPU
		{3514B9AF-9CE2-490C-9297-5D0BCDC3A341}.Debug|Any CPU.ActiveCfg = Debug|Any CPU
		{3514B9AF-9CE2-490C-9297-5D0BCDC3A341}.Debug|Any CPU.Build.0 = Debug|Any CPU
		{3514B9AF-9CE2-490C-9297-5D0BCDC3A341}.Debug|ARM64.ActiveCfg = Debug|Any CPU
		{3514B9AF-9CE2-490C-9297-5D0BCDC3A341}.Debug|ARM64.Build.0 = Debug|Any CPU
		{3514B9AF-9CE2-490C-9297-5D0BCDC3A341}.DebugWeb|Any CPU.ActiveCfg = DebugWeb|Any CPU
		{3514B9AF-9CE2-490C-9297-5D0BCDC3A341}.DebugWeb|Any CPU.Build.0 = DebugWeb|Any CPU
		{3514B9AF-9CE2-490C-9297-5D0BCDC3A341}.Release|Any CPU.ActiveCfg = Release|Any CPU
		{3514B9AF-9CE2-490C-9297-5D0BCDC3A341}.Release|Any CPU.Build.0 = Release|Any CPU
		{3514B9AF-9CE2-490C-9297-5D0BCDC3A341}.Release|ARM64.ActiveCfg = Release|Any CPU
		{3514B9AF-9CE2-490C-9297-5D0BCDC3A341}.Release|ARM64.Build.0 = Release|Any CPU
		{E5EDAE7A-A3FE-49CD-9D77-96478BDE1B67}.Debug|Any CPU.ActiveCfg = Debug|Any CPU
		{E5EDAE7A-A3FE-49CD-9D77-96478BDE1B67}.Debug|Any CPU.Build.0 = Debug|Any CPU
		{E5EDAE7A-A3FE-49CD-9D77-96478BDE1B67}.Debug|ARM64.ActiveCfg = Debug|Any CPU
		{E5EDAE7A-A3FE-49CD-9D77-96478BDE1B67}.Debug|ARM64.Build.0 = Debug|Any CPU
		{E5EDAE7A-A3FE-49CD-9D77-96478BDE1B67}.DebugWeb|Any CPU.ActiveCfg = Debug|Any CPU
		{E5EDAE7A-A3FE-49CD-9D77-96478BDE1B67}.DebugWeb|Any CPU.Build.0 = Debug|Any CPU
		{E5EDAE7A-A3FE-49CD-9D77-96478BDE1B67}.Release|Any CPU.ActiveCfg = Release|Any CPU
		{E5EDAE7A-A3FE-49CD-9D77-96478BDE1B67}.Release|Any CPU.Build.0 = Release|Any CPU
		{E5EDAE7A-A3FE-49CD-9D77-96478BDE1B67}.Release|ARM64.ActiveCfg = Release|Any CPU
		{E5EDAE7A-A3FE-49CD-9D77-96478BDE1B67}.Release|ARM64.Build.0 = Release|Any CPU
		{24E5A347-4558-4A65-B88E-F8E42BF27EA8}.Debug|Any CPU.ActiveCfg = Debug|Any CPU
		{24E5A347-4558-4A65-B88E-F8E42BF27EA8}.Debug|Any CPU.Build.0 = Debug|Any CPU
		{24E5A347-4558-4A65-B88E-F8E42BF27EA8}.Debug|ARM64.ActiveCfg = Debug|Any CPU
		{24E5A347-4558-4A65-B88E-F8E42BF27EA8}.Debug|ARM64.Build.0 = Debug|Any CPU
		{24E5A347-4558-4A65-B88E-F8E42BF27EA8}.DebugWeb|Any CPU.ActiveCfg = DebugWeb|Any CPU
		{24E5A347-4558-4A65-B88E-F8E42BF27EA8}.DebugWeb|Any CPU.Build.0 = DebugWeb|Any CPU
		{24E5A347-4558-4A65-B88E-F8E42BF27EA8}.Release|Any CPU.ActiveCfg = Release|Any CPU
		{24E5A347-4558-4A65-B88E-F8E42BF27EA8}.Release|Any CPU.Build.0 = Release|Any CPU
		{24E5A347-4558-4A65-B88E-F8E42BF27EA8}.Release|ARM64.ActiveCfg = Release|Any CPU
		{24E5A347-4558-4A65-B88E-F8E42BF27EA8}.Release|ARM64.Build.0 = Release|Any CPU
		{DDFDDC57-2609-4D6F-9A87-ADFB72894857}.Debug|Any CPU.ActiveCfg = Debug|Any CPU
		{DDFDDC57-2609-4D6F-9A87-ADFB72894857}.Debug|Any CPU.Build.0 = Debug|Any CPU
		{DDFDDC57-2609-4D6F-9A87-ADFB72894857}.Debug|ARM64.ActiveCfg = Debug|Any CPU
		{DDFDDC57-2609-4D6F-9A87-ADFB72894857}.Debug|ARM64.Build.0 = Debug|Any CPU
		{DDFDDC57-2609-4D6F-9A87-ADFB72894857}.DebugWeb|Any CPU.ActiveCfg = Debug|Any CPU
		{DDFDDC57-2609-4D6F-9A87-ADFB72894857}.DebugWeb|Any CPU.Build.0 = Debug|Any CPU
		{DDFDDC57-2609-4D6F-9A87-ADFB72894857}.Release|Any CPU.ActiveCfg = Release|Any CPU
		{DDFDDC57-2609-4D6F-9A87-ADFB72894857}.Release|Any CPU.Build.0 = Release|Any CPU
		{DDFDDC57-2609-4D6F-9A87-ADFB72894857}.Release|ARM64.ActiveCfg = Release|Any CPU
		{DDFDDC57-2609-4D6F-9A87-ADFB72894857}.Release|ARM64.Build.0 = Release|Any CPU
		{55BD5BEF-80E1-46A8-844C-71C6FDB677B0}.Debug|Any CPU.ActiveCfg = Debug|Any CPU
		{55BD5BEF-80E1-46A8-844C-71C6FDB677B0}.Debug|Any CPU.Build.0 = Debug|Any CPU
		{55BD5BEF-80E1-46A8-844C-71C6FDB677B0}.DebugWeb|Any CPU.ActiveCfg = Debug|Any CPU
		{55BD5BEF-80E1-46A8-844C-71C6FDB677B0}.DebugWeb|Any CPU.Build.0 = Debug|Any CPU
		{55BD5BEF-80E1-46A8-844C-71C6FDB677B0}.Release|Any CPU.ActiveCfg = Release|Any CPU
		{55BD5BEF-80E1-46A8-844C-71C6FDB677B0}.Release|Any CPU.Build.0 = Release|Any CPU
		{55BD5BEF-80E1-46A8-844C-71C6FDB677B0}.Release|ARM64.ActiveCfg = Release|Any CPU
		{55BD5BEF-80E1-46A8-844C-71C6FDB677B0}.Release|ARM64.Build.0 = Release|Any CPU
		{55BD5BEF-80E1-46A8-844C-71C6FDB677B0}.Debug|ARM64.ActiveCfg = Debug|ARM64
		{55BD5BEF-80E1-46A8-844C-71C6FDB677B0}.Debug|ARM64.Build.0 = Debug|ARM64
		{D79F2A20-5E63-4184-AF6A-7D809A3A0F0E}.Debug|Any CPU.ActiveCfg = Debug|Any CPU
		{D79F2A20-5E63-4184-AF6A-7D809A3A0F0E}.Debug|Any CPU.Build.0 = Debug|Any CPU
		{D79F2A20-5E63-4184-AF6A-7D809A3A0F0E}.Debug|ARM64.ActiveCfg = Debug|ARM64
		{D79F2A20-5E63-4184-AF6A-7D809A3A0F0E}.Debug|ARM64.Build.0 = Debug|ARM64
		{D79F2A20-5E63-4184-AF6A-7D809A3A0F0E}.DebugWeb|Any CPU.ActiveCfg = Debug|Any CPU
		{D79F2A20-5E63-4184-AF6A-7D809A3A0F0E}.DebugWeb|Any CPU.Build.0 = Debug|Any CPU
		{D79F2A20-5E63-4184-AF6A-7D809A3A0F0E}.Release|Any CPU.ActiveCfg = Release|Any CPU
		{D79F2A20-5E63-4184-AF6A-7D809A3A0F0E}.Release|Any CPU.Build.0 = Release|Any CPU
		{D79F2A20-5E63-4184-AF6A-7D809A3A0F0E}.Release|ARM64.ActiveCfg = Release|ARM64
		{D79F2A20-5E63-4184-AF6A-7D809A3A0F0E}.Release|ARM64.Build.0 = Release|ARM64
		{40B9FD31-5D6D-4CF4-8207-5B01CF037C69}.Debug|Any CPU.ActiveCfg = Debug|Any CPU
		{40B9FD31-5D6D-4CF4-8207-5B01CF037C69}.Debug|Any CPU.Build.0 = Debug|Any CPU
		{40B9FD31-5D6D-4CF4-8207-5B01CF037C69}.Debug|ARM64.ActiveCfg = Debug|ARM64
		{40B9FD31-5D6D-4CF4-8207-5B01CF037C69}.Debug|ARM64.Build.0 = Debug|ARM64
		{40B9FD31-5D6D-4CF4-8207-5B01CF037C69}.DebugWeb|Any CPU.ActiveCfg = Debug|Any CPU
		{40B9FD31-5D6D-4CF4-8207-5B01CF037C69}.DebugWeb|Any CPU.Build.0 = Debug|Any CPU
		{40B9FD31-5D6D-4CF4-8207-5B01CF037C69}.Release|Any CPU.ActiveCfg = Release|Any CPU
		{40B9FD31-5D6D-4CF4-8207-5B01CF037C69}.Release|Any CPU.Build.0 = Release|Any CPU
		{40B9FD31-5D6D-4CF4-8207-5B01CF037C69}.Release|ARM64.ActiveCfg = Release|ARM64
		{40B9FD31-5D6D-4CF4-8207-5B01CF037C69}.Release|ARM64.Build.0 = Release|ARM64
		{59B0D778-B916-4754-8783-F1ABC5DF73BB}.Debug|Any CPU.ActiveCfg = Debug|Any CPU
		{59B0D778-B916-4754-8783-F1ABC5DF73BB}.Debug|Any CPU.Build.0 = Debug|Any CPU
		{59B0D778-B916-4754-8783-F1ABC5DF73BB}.Debug|ARM64.ActiveCfg = Debug|Any CPU
		{59B0D778-B916-4754-8783-F1ABC5DF73BB}.Debug|ARM64.Build.0 = Debug|Any CPU
		{59B0D778-B916-4754-8783-F1ABC5DF73BB}.DebugWeb|Any CPU.ActiveCfg = Debug|Any CPU
		{59B0D778-B916-4754-8783-F1ABC5DF73BB}.DebugWeb|Any CPU.Build.0 = Debug|Any CPU
		{59B0D778-B916-4754-8783-F1ABC5DF73BB}.Release|Any CPU.ActiveCfg = Release|Any CPU
		{59B0D778-B916-4754-8783-F1ABC5DF73BB}.Release|Any CPU.Build.0 = Release|Any CPU
		{59B0D778-B916-4754-8783-F1ABC5DF73BB}.Release|ARM64.ActiveCfg = Release|Any CPU
		{59B0D778-B916-4754-8783-F1ABC5DF73BB}.Release|ARM64.Build.0 = Release|Any CPU
		{B6A4F865-3783-44D1-9282-31680BB17802}.Debug|Any CPU.ActiveCfg = Debug|Any CPU
		{B6A4F865-3783-44D1-9282-31680BB17802}.Debug|Any CPU.Build.0 = Debug|Any CPU
		{B6A4F865-3783-44D1-9282-31680BB17802}.Debug|ARM64.ActiveCfg = Debug|Any CPU
		{B6A4F865-3783-44D1-9282-31680BB17802}.Debug|ARM64.Build.0 = Debug|Any CPU
		{B6A4F865-3783-44D1-9282-31680BB17802}.DebugWeb|Any CPU.ActiveCfg = Debug|Any CPU
		{B6A4F865-3783-44D1-9282-31680BB17802}.DebugWeb|Any CPU.Build.0 = Debug|Any CPU
		{B6A4F865-3783-44D1-9282-31680BB17802}.Release|Any CPU.ActiveCfg = Release|Any CPU
		{B6A4F865-3783-44D1-9282-31680BB17802}.Release|Any CPU.Build.0 = Release|Any CPU
		{B6A4F865-3783-44D1-9282-31680BB17802}.Release|ARM64.ActiveCfg = Release|Any CPU
		{B6A4F865-3783-44D1-9282-31680BB17802}.Release|ARM64.Build.0 = Release|Any CPU
		{4095DFB9-62DC-4CE5-822C-DDE5BECFC8AF}.Debug|Any CPU.ActiveCfg = Debug|Any CPU
		{4095DFB9-62DC-4CE5-822C-DDE5BECFC8AF}.Debug|Any CPU.Build.0 = Debug|Any CPU
		{4095DFB9-62DC-4CE5-822C-DDE5BECFC8AF}.Debug|ARM64.ActiveCfg = Debug|Any CPU
		{4095DFB9-62DC-4CE5-822C-DDE5BECFC8AF}.Debug|ARM64.Build.0 = Debug|Any CPU
		{4095DFB9-62DC-4CE5-822C-DDE5BECFC8AF}.Release|Any CPU.ActiveCfg = Release|Any CPU
		{4095DFB9-62DC-4CE5-822C-DDE5BECFC8AF}.Release|Any CPU.Build.0 = Release|Any CPU
		{4095DFB9-62DC-4CE5-822C-DDE5BECFC8AF}.Release|ARM64.ActiveCfg = Release|Any CPU
		{4095DFB9-62DC-4CE5-822C-DDE5BECFC8AF}.Release|ARM64.Build.0 = Release|Any CPU
		{4095DFB9-62DC-4CE5-822C-DDE5BECFC8AF}.DebugWeb|Any CPU.ActiveCfg = DebugWeb|Any CPU
		{4095DFB9-62DC-4CE5-822C-DDE5BECFC8AF}.DebugWeb|Any CPU.Build.0 = DebugWeb|Any CPU
		{56209427-CE24-4B40-986F-190B0B6F5CB4}.Debug|Any CPU.ActiveCfg = Debug|Any CPU
		{56209427-CE24-4B40-986F-190B0B6F5CB4}.Debug|Any CPU.Build.0 = Debug|Any CPU
		{56209427-CE24-4B40-986F-190B0B6F5CB4}.Debug|ARM64.ActiveCfg = Debug|Any CPU
		{56209427-CE24-4B40-986F-190B0B6F5CB4}.Debug|ARM64.Build.0 = Debug|Any CPU
		{56209427-CE24-4B40-986F-190B0B6F5CB4}.Release|Any CPU.ActiveCfg = Release|Any CPU
		{56209427-CE24-4B40-986F-190B0B6F5CB4}.Release|Any CPU.Build.0 = Release|Any CPU
		{56209427-CE24-4B40-986F-190B0B6F5CB4}.Release|ARM64.ActiveCfg = Release|Any CPU
		{56209427-CE24-4B40-986F-190B0B6F5CB4}.Release|ARM64.Build.0 = Release|Any CPU
		{56209427-CE24-4B40-986F-190B0B6F5CB4}.DebugWeb|Any CPU.ActiveCfg = DebugWeb|Any CPU
		{56209427-CE24-4B40-986F-190B0B6F5CB4}.DebugWeb|Any CPU.Build.0 = DebugWeb|Any CPU
		{18176903-5BF4-4186-8467-A8895608014C}.Debug|Any CPU.ActiveCfg = Debug|Any CPU
		{18176903-5BF4-4186-8467-A8895608014C}.Debug|Any CPU.Build.0 = Debug|Any CPU
		{18176903-5BF4-4186-8467-A8895608014C}.Debug|ARM64.ActiveCfg = Debug|Any CPU
		{18176903-5BF4-4186-8467-A8895608014C}.Debug|ARM64.Build.0 = Debug|Any CPU
		{18176903-5BF4-4186-8467-A8895608014C}.DebugWeb|Any CPU.ActiveCfg = Debug|Any CPU
		{18176903-5BF4-4186-8467-A8895608014C}.DebugWeb|Any CPU.Build.0 = Debug|Any CPU
		{18176903-5BF4-4186-8467-A8895608014C}.Release|Any CPU.ActiveCfg = Release|Any CPU
		{18176903-5BF4-4186-8467-A8895608014C}.Release|Any CPU.Build.0 = Release|Any CPU
		{18176903-5BF4-4186-8467-A8895608014C}.Release|ARM64.ActiveCfg = Release|Any CPU
		{18176903-5BF4-4186-8467-A8895608014C}.Release|ARM64.Build.0 = Release|Any CPU
	EndGlobalSection
	GlobalSection(SolutionProperties) = preSolution
		HideSolutionNode = FALSE
	EndGlobalSection
	GlobalSection(ExtensibilityGlobals) = postSolution
		SolutionGuid = {CC639009-5F80-440A-A7F1-4A3C36AA556D}
	EndGlobalSection
EndGlobal
